// !$*UTF8*$!
{
	archiveVersion = 1;
	classes = {
	};
	objectVersion = 46;
	objects = {

/* Begin PBXBuildFile section */
		BDF8B3411C4ADF6B0044F450 /* AppDelegate.swift in Sources */ = {isa = PBXBuildFile; fileRef = BDF8B3401C4ADF6B0044F450 /* AppDelegate.swift */; };
		BDF8B3431C4ADF6B0044F450 /* ViewController.swift in Sources */ = {isa = PBXBuildFile; fileRef = BDF8B3421C4ADF6B0044F450 /* ViewController.swift */; };
		BDF8B3461C4ADF6B0044F450 /* Main.storyboard in Resources */ = {isa = PBXBuildFile; fileRef = BDF8B3441C4ADF6B0044F450 /* Main.storyboard */; };
		BDF8B3481C4ADF6B0044F450 /* Assets.xcassets in Resources */ = {isa = PBXBuildFile; fileRef = BDF8B3471C4ADF6B0044F450 /* Assets.xcassets */; };
		BDF8B34B1C4ADF6B0044F450 /* LaunchScreen.storyboard in Resources */ = {isa = PBXBuildFile; fileRef = BDF8B3491C4ADF6B0044F450 /* LaunchScreen.storyboard */; };
/* End PBXBuildFile section */

/* Begin PBXFileReference section */
		BDF8B33D1C4ADF6B0044F450 /* SuperCool.app */ = {isa = PBXFileReference; explicitFileType = wrapper.application; includeInIndex = 0; path = SuperCool.app; sourceTree = BUILT_PRODUCTS_DIR; };
		BDF8B3401C4ADF6B0044F450 /* AppDelegate.swift */ = {isa = PBXFileReference; lastKnownFileType = sourcecode.swift; path = AppDelegate.swift; sourceTree = "<group>"; };
		BDF8B3421C4ADF6B0044F450 /* ViewController.swift */ = {isa = PBXFileReference; lastKnownFileType = sourcecode.swift; path = ViewController.swift; sourceTree = "<group>"; };
		BDF8B3451C4ADF6B0044F450 /* Base */ = {isa = PBXFileReference; lastKnownFileType = file.storyboard; name = Base; path = Base.lproj/Main.storyboard; sourceTree = "<group>"; };
		BDF8B3471C4ADF6B0044F450 /* Assets.xcassets */ = {isa = PBXFileReference; lastKnownFileType = folder.assetcatalog; path = Assets.xcassets; sourceTree = "<group>"; };
		BDF8B34A1C4ADF6B0044F450 /* Base */ = {isa = PBXFileReference; lastKnownFileType = file.storyboard; name = Base; path = Base.lproj/LaunchScreen.storyboard; sourceTree = "<group>"; };
		BDF8B34C1C4ADF6B0044F450 /* Info.plist */ = {isa = PBXFileReference; lastKnownFileType = text.plist.xml; path = Info.plist; sourceTree = "<group>"; };
/* End PBXFileReference section */

/* Begin PBXFrameworksBuildPhase section */
		BDF8B33A1C4ADF6B0044F450 /* Frameworks */ = {
			isa = PBXFrameworksBuildPhase;
			buildActionMask = 2147483647;
			files = (
			);
			runOnlyForDeploymentPostprocessing = 0;
		};
/* End PBXFrameworksBuildPhase section */

/* Begin PBXGroup section */
		BDF8B3341C4ADF6B0044F450 = {
			isa = PBXGroup;
			children = (
				BDF8B33F1C4ADF6B0044F450 /* SuperCool */,
				BDF8B33E1C4ADF6B0044F450 /* Products */,
			);
			sourceTree = "<group>";
		};
		BDF8B33E1C4ADF6B0044F450 /* Products */ = {
			isa = PBXGroup;
			children = (
				BDF8B33D1C4ADF6B0044F450 /* SuperCool.app */,
			);
			name = Products;
			sourceTree = "<group>";
		};
		BDF8B33F1C4ADF6B0044F450 /* SuperCool */ = {
			isa = PBXGroup;
			children = (
				BDF8B3401C4ADF6B0044F450 /* AppDelegate.swift */,
				BDF8B3421C4ADF6B0044F450 /* ViewController.swift */,
				BDF8B3441C4ADF6B0044F450 /* Main.storyboard */,
				BDF8B3471C4ADF6B0044F450 /* Assets.xcassets */,
				BDF8B3491C4ADF6B0044F450 /* LaunchScreen.storyboard */,
				BDF8B34C1C4ADF6B0044F450 /* Info.plist */,
			);
			path = SuperCool;
			sourceTree = "<group>";
		};
/* End PBXGroup section */

/* Begin PBXNativeTarget section */
		BDF8B33C1C4ADF6B0044F450 /* SuperCool */ = {
			isa = PBXNativeTarget;
			buildConfigurationList = BDF8B34F1C4ADF6B0044F450 /* Build configuration list for PBXNativeTarget "SuperCool" */;
			buildPhases = (
				BDF8B3391C4ADF6B0044F450 /* Sources */,
				BDF8B33A1C4ADF6B0044F450 /* Frameworks */,
				BDF8B33B1C4ADF6B0044F450 /* Resources */,
			);
			buildRules = (
			);
			dependencies = (
			);
			name = SuperCool;
			productName = SuperCool;
			productReference = BDF8B33D1C4ADF6B0044F450 /* SuperCool.app */;
			productType = "com.apple.product-type.application";
		};
/* End PBXNativeTarget section */

/* Begin PBXProject section */
		BDF8B3351C4ADF6B0044F450 /* Project object */ = {
			isa = PBXProject;
			attributes = {
				LastSwiftUpdateCheck = 0720;
				LastUpgradeCheck = 0720;
				ORGANIZATIONNAME = "Digimark Technical Solutions";
				TargetAttributes = {
					BDF8B33C1C4ADF6B0044F450 = {
						CreatedOnToolsVersion = 7.2;
					};
				};
			};
			buildConfigurationList = BDF8B3381C4ADF6B0044F450 /* Build configuration list for PBXProject "SuperCool" */;
			compatibilityVersion = "Xcode 3.2";
			developmentRegion = English;
			hasScannedForEncodings = 0;
			knownRegions = (
				en,
				Base,
			);
			mainGroup = BDF8B3341C4ADF6B0044F450;
			productRefGroup = BDF8B33E1C4ADF6B0044F450 /* Products */;
			projectDirPath = "";
			projectRoot = "";
			targets = (
				BDF8B33C1C4ADF6B0044F450 /* SuperCool */,
			);
		};
/* End PBXProject section */

/* Begin PBXResourcesBuildPhase section */
		BDF8B33B1C4ADF6B0044F450 /* Resources */ = {
			isa = PBXResourcesBuildPhase;
			buildActionMask = 2147483647;
			files = (
				BDF8B34B1C4ADF6B0044F450 /* LaunchScreen.storyboard in Resources */,
				BDF8B3481C4ADF6B0044F450 /* Assets.xcassets in Resources */,
				BDF8B3461C4ADF6B0044F450 /* Main.storyboard in Resources */,
			);
			runOnlyForDeploymentPostprocessing = 0;
		};
/* End PBXResourcesBuildPhase section */

/* Begin PBXSourcesBuildPhase section */
		BDF8B3391C4ADF6B0044F450 /* Sources */ = {
			isa = PBXSourcesBuildPhase;
			buildActionMask = 2147483647;
			files = (
				BDF8B3431C4ADF6B0044F450 /* ViewController.swift in Sources */,
				BDF8B3411C4ADF6B0044F450 /* AppDelegate.swift in Sources */,
			);
			runOnlyForDeploymentPostprocessing = 0;
		};
/* End PBXSourcesBuildPhase section */

/* Begin PBXVariantGroup section */
		BDF8B3441C4ADF6B0044F450 /* Main.storyboard */ = {
			isa = PBXVariantGroup;
			children = (
				BDF8B3451C4ADF6B0044F450 /* Base */,
			);
			name = Main.storyboard;
			sourceTree = "<group>";
		};
		BDF8B3491C4ADF6B0044F450 /* LaunchScreen.storyboard */ = {
			isa = PBXVariantGroup;
			children = (
				BDF8B34A1C4ADF6B0044F450 /* Base */,
			);
			name = LaunchScreen.storyboard;
			sourceTree = "<group>";
		};
/* End PBXVariantGroup section */

/* Begin XCBuildConfiguration section */
		BDF8B34D1C4ADF6B0044F450 /* Debug */ = {
			isa = XCBuildConfiguration;
			buildSettings = {
				ALWAYS_SEARCH_USER_PATHS = NO;
				CLANG_CXX_LANGUAGE_STANDARD = "gnu++0x";
				CLANG_CXX_LIBRARY = "libc++";
				CLANG_ENABLE_MODULES = YES;
				CLANG_ENABLE_OBJC_ARC = YES;
				CLANG_WARN_BOOL_CONVERSION = YES;
				CLANG_WARN_CONSTANT_CONVERSION = YES;
				CLANG_WARN_DIRECT_OBJC_ISA_USAGE = YES_ERROR;
				CLANG_WARN_EMPTY_BODY = YES;
				CLANG_WARN_ENUM_CONVERSION = YES;
				CLANG_WARN_INT_CONVERSION = YES;
				CLANG_WARN_OBJC_ROOT_CLASS = YES_ERROR;
				CLANG_WARN_UNREACHABLE_CODE = YES;
				CLANG_WARN__DUPLICATE_METHOD_MATCH = YES;
				"CODE_SIGN_IDENTITY[sdk=iphoneos*]" = "iPhone Developer";
				COPY_PHASE_STRIP = NO;
				DEBUG_INFORMATION_FORMAT = dwarf;
				ENABLE_STRICT_OBJC_MSGSEND = YES;
				ENABLE_TESTABILITY = YES;
				GCC_C_LANGUAGE_STANDARD = gnu99;
				GCC_DYNAMIC_NO_PIC = NO;
				GCC_NO_COMMON_BLOCKS = YES;
				GCC_OPTIMIZATION_LEVEL = 0;
				GCC_PREPROCESSOR_DEFINITIONS = (
					"DEBUG=1",
					"$(inherited)",
				);
				GCC_WARN_64_TO_32_BIT_CONVERSION = YES;
				GCC_WARN_ABOUT_RETURN_TYPE = YES_ERROR;
				GCC_WARN_UNDECLARED_SELECTOR = YES;
				GCC_WARN_UNINITIALIZED_AUTOS = YES_AGGRESSIVE;
				GCC_WARN_UNUSED_FUNCTION = YES;
				GCC_WARN_UNUSED_VARIABLE = YES;
				IPHONEOS_DEPLOYMENT_TARGET = 9.2;
				MTL_ENABLE_DEBUG_INFO = YES;
				ONLY_ACTIVE_ARCH = YES;
				SDKROOT = iphoneos;
				SWIFT_OPTIMIZATION_LEVEL = "-Onone";
			};
			name = Debug;
		};
		BDF8B34E1C4ADF6B0044F450 /* Release */ = {
			isa = XCBuildConfiguration;
			buildSettings = {
				ALWAYS_SEARCH_USER_PATHS = NO;
				CLANG_CXX_LANGUAGE_STANDARD = "gnu++0x";
				CLANG_CXX_LIBRARY = "libc++";
				CLANG_ENABLE_MODULES = YES;
				CLANG_ENABLE_OBJC_ARC = YES;
				CLANG_WARN_BOOL_CONVERSION = YES;
				CLANG_WARN_CONSTANT_CONVERSION = YES;
				CLANG_WARN_DIRECT_OBJC_ISA_USAGE = YES_ERROR;
				CLANG_WARN_EMPTY_BODY = YES;
				CLANG_WARN_ENUM_CONVERSION = YES;
				CLANG_WARN_INT_CONVERSION = YES;
				CLANG_WARN_OBJC_ROOT_CLASS = YES_ERROR;
				CLANG_WARN_UNREACHABLE_CODE = YES;
				CLANG_WARN__DUPLICATE_METHOD_MATCH = YES;
				"CODE_SIGN_IDENTITY[sdk=iphoneos*]" = "iPhone Developer";
				COPY_PHASE_STRIP = NO;
				DEBUG_INFORMATION_FORMAT = "dwarf-with-dsym";
				ENABLE_NS_ASSERTIONS = NO;
				ENABLE_STRICT_OBJC_MSGSEND = YES;
				GCC_C_LANGUAGE_STANDARD = gnu99;
				GCC_NO_COMMON_BLOCKS = YES;
				GCC_WARN_64_TO_32_BIT_CONVERSION = YES;
				GCC_WARN_ABOUT_RETURN_TYPE = YES_ERROR;
				GCC_WARN_UNDECLARED_SELECTOR = YES;
				GCC_WARN_UNINITIALIZED_AUTOS = YES_AGGRESSIVE;
				GCC_WARN_UNUSED_FUNCTION = YES;
				GCC_WARN_UNUSED_VARIABLE = YES;
				IPHONEOS_DEPLOYMENT_TARGET = 9.2;
				MTL_ENABLE_DEBUG_INFO = NO;
				SDKROOT = iphoneos;
				VALIDATE_PRODUCT = YES;
			};
			name = Release;
		};
		BDF8B3501C4ADF6B0044F450 /* Debug */ = {
			isa = XCBuildConfiguration;
			buildSettings = {
				ASSETCATALOG_COMPILER_APPICON_NAME = AppIcon;
				INFOPLIST_FILE = SuperCool/Info.plist;
				LD_RUNPATH_SEARCH_PATHS = "$(inherited) @executable_path/Frameworks";
				PRODUCT_BUNDLE_IDENTIFIER = com.digimarktech.SuperCool;
				PRODUCT_NAME = "$(TARGET_NAME)";
			};
			name = Debug;
		};
		BDF8B3511C4ADF6B0044F450 /* Release */ = {
			isa = XCBuildConfiguration;
			buildSettings = {
				ASSETCATALOG_COMPILER_APPICON_NAME = AppIcon;
				INFOPLIST_FILE = SuperCool/Info.plist;
				LD_RUNPATH_SEARCH_PATHS = "$(inherited) @executable_path/Frameworks";
				PRODUCT_BUNDLE_IDENTIFIER = com.digimarktech.SuperCool;
				PRODUCT_NAME = "$(TARGET_NAME)";
			};
			name = Release;
		};
/* End XCBuildConfiguration section */

/* Begin XCConfigurationList section */
		BDF8B3381C4ADF6B0044F450 /* Build configuration list for PBXProject "SuperCool" */ = {
			isa = XCConfigurationList;
			buildConfigurations = (
				BDF8B34D1C4ADF6B0044F450 /* Debug */,
				BDF8B34E1C4ADF6B0044F450 /* Release */,
			);
			defaultConfigurationIsVisible = 0;
			defaultConfigurationName = Release;
		};
		BDF8B34F1C4ADF6B0044F450 /* Build configuration list for PBXNativeTarget "SuperCool" */ = {
			isa = XCConfigurationList;
			buildConfigurations = (
				BDF8B3501C4ADF6B0044F450 /* Debug */,
				BDF8B3511C4ADF6B0044F450 /* Release */,
			);
			defaultConfigurationIsVisible = 0;
		};
/* End XCConfigurationList section */
	};
	rootObject = BDF8B3351C4ADF6B0044F450 /* Project object */;
}
